
Microsoft Visual Studio Solution File, Format Version 12.00
# Visual Studio Version 16
VisualStudioVersion = 16.0.30503.244
MinimumVisualStudioVersion = 10.0.40219.1
Project("{9A19103F-16F7-4668-BE54-9A1E7A4F7556}") = "CardsBot", "CardsBot\CardsBot.csproj", "{4F3B3AE5-D5E9-4701-817D-D5EF5D5DB1C7}"
EndProject
Project("{9A19103F-16F7-4668-BE54-9A1E7A4F7556}") = "EmptyBot", "EmptyBot\EmptyBot.csproj", "{E2EDA81A-3A9E-4694-A76D-723BBE0FB105}"
EndProject
Global
	GlobalSection(SolutionConfigurationPlatforms) = preSolution
		Debug|Any CPU = Debug|Any CPU
		Release|Any CPU = Release|Any CPU
	EndGlobalSection
	GlobalSection(ProjectConfigurationPlatforms) = postSolution
		{4F3B3AE5-D5E9-4701-817D-D5EF5D5DB1C7}.Debug|Any CPU.ActiveCfg = Debug|Any CPU
		{4F3B3AE5-D5E9-4701-817D-D5EF5D5DB1C7}.Debug|Any CPU.Build.0 = Debug|Any CPU
		{4F3B3AE5-D5E9-4701-817D-D5EF5D5DB1C7}.Release|Any CPU.ActiveCfg = Release|Any CPU
		{4F3B3AE5-D5E9-4701-817D-D5EF5D5DB1C7}.Release|Any CPU.Build.0 = Release|Any CPU
		{E2EDA81A-3A9E-4694-A76D-723BBE0FB105}.Debug|Any CPU.ActiveCfg = Debug|Any CPU
		{E2EDA81A-3A9E-4694-A76D-723BBE0FB105}.Debug|Any CPU.Build.0 = Debug|Any CPU
		{E2EDA81A-3A9E-4694-A76D-723BBE0FB105}.Release|Any CPU.ActiveCfg = Release|Any CPU
		{E2EDA81A-3A9E-4694-A76D-723BBE0FB105}.Release|Any CPU.Build.0 = Release|Any CPU
	EndGlobalSection
	GlobalSection(SolutionProperties) = preSolution
		HideSolutionNode = FALSE
	EndGlobalSection
	GlobalSection(ExtensibilityGlobals) = postSolution
		SolutionGuid = {A5F5D973-F43F-4740-A1AF-6B361A206192}
	EndGlobalSection
EndGlobal
